
Microsoft Visual Studio Solution File, Format Version 12.00
# Visual Studio Version 17
VisualStudioVersion = 17.12.35527.113
MinimumVisualStudioVersion = 10.0.40219.1
Project("{FAE04EC0-301F-11D3-BF4B-00C04F79EFBC}") = "InveonBootcamp.FirstWeek", "InveonBootcamp.FirstWeek\InveonBootcamp.FirstWeek.csproj", "{A14BDA4D-0C53-4590-9A5C-A9856A71F60A}"
EndProject
Project("{FAE04EC0-301F-11D3-BF4B-00C04F79EFBC}") = "IveonBootcamp.Asynchronous", "IveonBootcamp.Asynchronous\IveonBootcamp.Asynchronous.csproj", "{03A70691-93BD-4701-8EE5-360157547B52}"
EndProject
Project("{FAE04EC0-301F-11D3-BF4B-00C04F79EFBC}") = "InveonBootcamp.LibaryApi", "InveonBootcamp.LibaryApi\InveonBootcamp.LibaryApi.csproj", "{326AFAAC-1EEC-44E0-8DFE-DA76914547E5}"
EndProject
Project("{FAE04EC0-301F-11D3-BF4B-00C04F79EFBC}") = "InveonBootcamp.LibraryAutomation", "InveonBootcamp.LibraryAutomation\InveonBootcamp.LibraryAutomation.csproj", "{A9ED73DB-1085-42FC-B2B0-480CA96BDC91}"
EndProject
Global
	GlobalSection(SolutionConfigurationPlatforms) = preSolution
		Debug|Any CPU = Debug|Any CPU
		Release|Any CPU = Release|Any CPU
	EndGlobalSection
	GlobalSection(ProjectConfigurationPlatforms) = postSolution
		{A14BDA4D-0C53-4590-9A5C-A9856A71F60A}.Debug|Any CPU.ActiveCfg = Debug|Any CPU
		{A14BDA4D-0C53-4590-9A5C-A9856A71F60A}.Debug|Any CPU.Build.0 = Debug|Any CPU
		{A14BDA4D-0C53-4590-9A5C-A9856A71F60A}.Release|Any CPU.ActiveCfg = Release|Any CPU
		{A14BDA4D-0C53-4590-9A5C-A9856A71F60A}.Release|Any CPU.Build.0 = Release|Any CPU
		{03A70691-93BD-4701-8EE5-360157547B52}.Debug|Any CPU.ActiveCfg = Debug|Any CPU
		{03A70691-93BD-4701-8EE5-360157547B52}.Debug|Any CPU.Build.0 = Debug|Any CPU
		{03A70691-93BD-4701-8EE5-360157547B52}.Release|Any CPU.ActiveCfg = Release|Any CPU
		{03A70691-93BD-4701-8EE5-360157547B52}.Release|Any CPU.Build.0 = Release|Any CPU
		{326AFAAC-1EEC-44E0-8DFE-DA76914547E5}.Debug|Any CPU.ActiveCfg = Debug|Any CPU
		{326AFAAC-1EEC-44E0-8DFE-DA76914547E5}.Debug|Any CPU.Build.0 = Debug|Any CPU
		{326AFAAC-1EEC-44E0-8DFE-DA76914547E5}.Release|Any CPU.ActiveCfg = Release|Any CPU
		{326AFAAC-1EEC-44E0-8DFE-DA76914547E5}.Release|Any CPU.Build.0 = Release|Any CPU
		{A9ED73DB-1085-42FC-B2B0-480CA96BDC91}.Debug|Any CPU.ActiveCfg = Debug|Any CPU
		{A9ED73DB-1085-42FC-B2B0-480CA96BDC91}.Debug|Any CPU.Build.0 = Debug|Any CPU
		{A9ED73DB-1085-42FC-B2B0-480CA96BDC91}.Release|Any CPU.ActiveCfg = Release|Any CPU
		{A9ED73DB-1085-42FC-B2B0-480CA96BDC91}.Release|Any CPU.Build.0 = Release|Any CPU
	EndGlobalSection
	GlobalSection(SolutionProperties) = preSolution
		HideSolutionNode = FALSE
	EndGlobalSection
EndGlobal
